
Microsoft Visual Studio Solution File, Format Version 12.00
# Visual Studio 15
VisualStudioVersion = 15.0.28307.1022
MinimumVisualStudioVersion = 10.0.40219.1
Project("{8BC9CEB8-8B4A-11D0-8D11-00A0C91BC942}") = "plugin-test", "plugin-test.vcxproj", "{FC2A804D-2D8B-3D50-9B8F-458E610F2582}"
EndProject
Global
	GlobalSection(SolutionConfigurationPlatforms) = preSolution
		Debug|x64 = Debug|x64
		Release|x64 = Release|x64
	EndGlobalSection
	GlobalSection(ProjectConfigurationPlatforms) = postSolution
		{FC2A804D-2D8B-3D50-9B8F-458E610F2582}.Debug|x64.ActiveCfg = Debug|x64
		{FC2A804D-2D8B-3D50-9B8F-458E610F2582}.Debug|x64.Build.0 = Debug|x64
		{FC2A804D-2D8B-3D50-9B8F-458E610F2582}.Release|x64.ActiveCfg = Release|x64
		{FC2A804D-2D8B-3D50-9B8F-458E610F2582}.Release|x64.Build.0 = Release|x64
	EndGlobalSection
	GlobalSection(SolutionProperties) = preSolution
		HideSolutionNode = FALSE
	EndGlobalSection
	GlobalSection(ExtensibilityGlobals) = postSolution
		SolutionGuid = {4F6C5374-4AA7-43D2-8C30-E60B310234E1}
	EndGlobalSection
EndGlobal
